
Microsoft Visual Studio Solution File, Format Version 11.00
# Visual Studio 2010
Project("{FAE04EC0-301F-11D3-BF4B-00C04F79EFBC}") = "Lua2WowLua", "Lua2WowLua\Lua2WowLua.csproj", "{B946CD01-EB4B-4837-8440-163B35932F27}"
EndProject
Project("{FAE04EC0-301F-11D3-BF4B-00C04F79EFBC}") = "Wow2WowLuaTest", "Wow2WowLuaTest\Wow2WowLuaTest.csproj", "{280D5C70-C47C-47A9-8CF5-0DB7F6965C3E}"
EndProject
Project("{2150E333-8FDC-42A3-9474-1A3956D46DE8}") = "Solution Items", "Solution Items", "{A4569E28-4F58-4603-A9EA-0AC105E04107}"
	ProjectSection(SolutionItems) = preProject
		default.ps1 = default.ps1
	EndProjectSection
EndProject
Global
	GlobalSection(SolutionConfigurationPlatforms) = preSolution
		Debug|Any CPU = Debug|Any CPU
		Debug|Mixed Platforms = Debug|Mixed Platforms
		Debug|x86 = Debug|x86
		Release|Any CPU = Release|Any CPU
		Release|Mixed Platforms = Release|Mixed Platforms
		Release|x86 = Release|x86
	EndGlobalSection
	GlobalSection(ProjectConfigurationPlatforms) = postSolution
		{B946CD01-EB4B-4837-8440-163B35932F27}.Debug|Any CPU.ActiveCfg = Debug|Any CPU
		{B946CD01-EB4B-4837-8440-163B35932F27}.Debug|Any CPU.Build.0 = Debug|Any CPU
		{B946CD01-EB4B-4837-8440-163B35932F27}.Debug|Mixed Platforms.ActiveCfg = Debug|Any CPU
		{B946CD01-EB4B-4837-8440-163B35932F27}.Debug|Mixed Platforms.Build.0 = Debug|Any CPU
		{B946CD01-EB4B-4837-8440-163B35932F27}.Debug|x86.ActiveCfg = Debug|Any CPU
		{B946CD01-EB4B-4837-8440-163B35932F27}.Release|Any CPU.ActiveCfg = Release|Any CPU
		{B946CD01-EB4B-4837-8440-163B35932F27}.Release|Any CPU.Build.0 = Release|Any CPU
		{B946CD01-EB4B-4837-8440-163B35932F27}.Release|Mixed Platforms.ActiveCfg = Release|Any CPU
		{B946CD01-EB4B-4837-8440-163B35932F27}.Release|Mixed Platforms.Build.0 = Release|Any CPU
		{B946CD01-EB4B-4837-8440-163B35932F27}.Release|x86.ActiveCfg = Release|Any CPU
		{280D5C70-C47C-47A9-8CF5-0DB7F6965C3E}.Debug|Any CPU.ActiveCfg = Debug|Any CPU
		{280D5C70-C47C-47A9-8CF5-0DB7F6965C3E}.Debug|Any CPU.Build.0 = Debug|Any CPU
		{280D5C70-C47C-47A9-8CF5-0DB7F6965C3E}.Debug|Mixed Platforms.ActiveCfg = Debug|Any CPU
		{280D5C70-C47C-47A9-8CF5-0DB7F6965C3E}.Debug|Mixed Platforms.Build.0 = Debug|Any CPU
		{280D5C70-C47C-47A9-8CF5-0DB7F6965C3E}.Debug|x86.ActiveCfg = Debug|Any CPU
		{280D5C70-C47C-47A9-8CF5-0DB7F6965C3E}.Release|Any CPU.ActiveCfg = Release|Any CPU
		{280D5C70-C47C-47A9-8CF5-0DB7F6965C3E}.Release|Any CPU.Build.0 = Release|Any CPU
		{280D5C70-C47C-47A9-8CF5-0DB7F6965C3E}.Release|Mixed Platforms.ActiveCfg = Release|Any CPU
		{280D5C70-C47C-47A9-8CF5-0DB7F6965C3E}.Release|Mixed Platforms.Build.0 = Release|Any CPU
		{280D5C70-C47C-47A9-8CF5-0DB7F6965C3E}.Release|x86.ActiveCfg = Release|Any CPU
	EndGlobalSection
	GlobalSection(SolutionProperties) = preSolution
		HideSolutionNode = FALSE
	EndGlobalSection
EndGlobal
